
Microsoft Visual Studio Solution File, Format Version 12.00
# Visual Studio Version 16
VisualStudioVersion = 16.0.31729.503
MinimumVisualStudioVersion = 10.0.40219.1
Project("{FAE04EC0-301F-11D3-BF4B-00C04F79EFBC}") = "KangasniemiApp", "KangasniemiApp\KangasniemiApp.csproj", "{6262C314-B903-434C-9161-15D1F2B46017}"
EndProject
Global
	GlobalSection(SolutionConfigurationPlatforms) = preSolution
		Debug|Any CPU = Debug|Any CPU
		Release|Any CPU = Release|Any CPU
	EndGlobalSection
	GlobalSection(ProjectConfigurationPlatforms) = postSolution
		{6262C314-B903-434C-9161-15D1F2B46017}.Debug|Any CPU.ActiveCfg = Debug|Any CPU
		{6262C314-B903-434C-9161-15D1F2B46017}.Debug|Any CPU.Build.0 = Debug|Any CPU
		{6262C314-B903-434C-9161-15D1F2B46017}.Release|Any CPU.ActiveCfg = Release|Any CPU
		{6262C314-B903-434C-9161-15D1F2B46017}.Release|Any CPU.Build.0 = Release|Any CPU
	EndGlobalSection
	GlobalSection(SolutionProperties) = preSolution
		HideSolutionNode = FALSE
	EndGlobalSection
	GlobalSection(ExtensibilityGlobals) = postSolution
		SolutionGuid = {AF5C01E3-1BD0-4A11-B5F8-4F1BC8EF8440}
	EndGlobalSection
EndGlobal
